
Microsoft Visual Studio Solution File, Format Version 12.00
# Visual Studio Version 17
VisualStudioVersion = 17.3.32901.215
MinimumVisualStudioVersion = 10.0.40219.1
Project("{FAE04EC0-301F-11D3-BF4B-00C04F79EFBC}") = "POOI_CL1_MaribelMaza_ejer2", "POOI_CL1_MaribelMaza_ejer2\POOI_CL1_MaribelMaza_ejer2.csproj", "{7DD088AE-B968-4AE9-9804-539528CA1A97}"
EndProject
Global
	GlobalSection(SolutionConfigurationPlatforms) = preSolution
		Debug|Any CPU = Debug|Any CPU
		Release|Any CPU = Release|Any CPU
	EndGlobalSection
	GlobalSection(ProjectConfigurationPlatforms) = postSolution
		{7DD088AE-B968-4AE9-9804-539528CA1A97}.Debug|Any CPU.ActiveCfg = Debug|Any CPU
		{7DD088AE-B968-4AE9-9804-539528CA1A97}.Debug|Any CPU.Build.0 = Debug|Any CPU
		{7DD088AE-B968-4AE9-9804-539528CA1A97}.Release|Any CPU.ActiveCfg = Release|Any CPU
		{7DD088AE-B968-4AE9-9804-539528CA1A97}.Release|Any CPU.Build.0 = Release|Any CPU
	EndGlobalSection
	GlobalSection(SolutionProperties) = preSolution
		HideSolutionNode = FALSE
	EndGlobalSection
	GlobalSection(ExtensibilityGlobals) = postSolution
		SolutionGuid = {4ABD00F4-5926-4D5D-9C79-F0ADC26E87F0}
	EndGlobalSection
EndGlobal
